
Microsoft Visual Studio Solution File, Format Version 12.00
# Visual Studio 14
VisualStudioVersion = 14.0.25123.0
MinimumVisualStudioVersion = 10.0.40219.1
Project("{FAE04EC0-301F-11D3-BF4B-00C04F79EFBC}") = "RealMDemo", "RealMDemo\RealMDemo\RealMDemo.csproj", "{977B4904-DE9F-42F1-828E-A0414EB5A9FD}"
EndProject
Project("{FAE04EC0-301F-11D3-BF4B-00C04F79EFBC}") = "RealMDemo.Droid", "RealMDemo\RealMDemo.Droid\RealMDemo.Droid.csproj", "{B62963FD-0C7B-40EF-8B51-8761B2602AA5}"
EndProject
Project("{FAE04EC0-301F-11D3-BF4B-00C04F79EFBC}") = "RealMDemo.iOS", "RealMDemo\RealMDemo.iOS\RealMDemo.iOS.csproj", "{D7E92D6D-73A5-4E9F-99CE-6D6AA182402D}"
EndProject
Project("{FAE04EC0-301F-11D3-BF4B-00C04F79EFBC}") = "RealMDemo.WinPhone", "RealMDemo\RealMDemo.WinPhone\RealMDemo.WinPhone.csproj", "{353C8633-74A9-4476-B921-21777B87022B}"
EndProject
Project("{FAE04EC0-301F-11D3-BF4B-00C04F79EFBC}") = "RealMDemo.Windows", "RealMDemo\RealMDemo.Windows\RealMDemo.Windows.csproj", "{AEC1757F-E511-46BA-9AE5-885F405F48EB}"
EndProject
Global
	GlobalSection(SolutionConfigurationPlatforms) = preSolution
		Ad-Hoc|Any CPU = Ad-Hoc|Any CPU
		Ad-Hoc|ARM = Ad-Hoc|ARM
		Ad-Hoc|iPhone = Ad-Hoc|iPhone
		Ad-Hoc|iPhoneSimulator = Ad-Hoc|iPhoneSimulator
		Ad-Hoc|x64 = Ad-Hoc|x64
		Ad-Hoc|x86 = Ad-Hoc|x86
		AppStore|Any CPU = AppStore|Any CPU
		AppStore|ARM = AppStore|ARM
		AppStore|iPhone = AppStore|iPhone
		AppStore|iPhoneSimulator = AppStore|iPhoneSimulator
		AppStore|x64 = AppStore|x64
		AppStore|x86 = AppStore|x86
		Debug|Any CPU = Debug|Any CPU
		Debug|ARM = Debug|ARM
		Debug|iPhone = Debug|iPhone
		Debug|iPhoneSimulator = Debug|iPhoneSimulator
		Debug|x64 = Debug|x64
		Debug|x86 = Debug|x86
		Release|Any CPU = Release|Any CPU
		Release|ARM = Release|ARM
		Release|iPhone = Release|iPhone
		Release|iPhoneSimulator = Release|iPhoneSimulator
		Release|x64 = Release|x64
		Release|x86 = Release|x86
	EndGlobalSection
	GlobalSection(ProjectConfigurationPlatforms) = postSolution
		{977B4904-DE9F-42F1-828E-A0414EB5A9FD}.Ad-Hoc|Any CPU.ActiveCfg = Release|Any CPU
		{977B4904-DE9F-42F1-828E-A0414EB5A9FD}.Ad-Hoc|Any CPU.Build.0 = Release|Any CPU
		{977B4904-DE9F-42F1-828E-A0414EB5A9FD}.Ad-Hoc|ARM.ActiveCfg = Release|Any CPU
		{977B4904-DE9F-42F1-828E-A0414EB5A9FD}.Ad-Hoc|ARM.Build.0 = Release|Any CPU
		{977B4904-DE9F-42F1-828E-A0414EB5A9FD}.Ad-Hoc|iPhone.ActiveCfg = Release|Any CPU
		{977B4904-DE9F-42F1-828E-A0414EB5A9FD}.Ad-Hoc|iPhone.Build.0 = Release|Any CPU
		{977B4904-DE9F-42F1-828E-A0414EB5A9FD}.Ad-Hoc|iPhoneSimulator.ActiveCfg = Release|Any CPU
		{977B4904-DE9F-42F1-828E-A0414EB5A9FD}.Ad-Hoc|iPhoneSimulator.Build.0 = Release|Any CPU
		{977B4904-DE9F-42F1-828E-A0414EB5A9FD}.Ad-Hoc|x64.ActiveCfg = Release|Any CPU
		{977B4904-DE9F-42F1-828E-A0414EB5A9FD}.Ad-Hoc|x64.Build.0 = Release|Any CPU
		{977B4904-DE9F-42F1-828E-A0414EB5A9FD}.Ad-Hoc|x86.ActiveCfg = Release|Any CPU
		{977B4904-DE9F-42F1-828E-A0414EB5A9FD}.Ad-Hoc|x86.Build.0 = Release|Any CPU
		{977B4904-DE9F-42F1-828E-A0414EB5A9FD}.AppStore|Any CPU.ActiveCfg = Release|Any CPU
		{977B4904-DE9F-42F1-828E-A0414EB5A9FD}.AppStore|Any CPU.Build.0 = Release|Any CPU
		{977B4904-DE9F-42F1-828E-A0414EB5A9FD}.AppStore|ARM.ActiveCfg = Release|Any CPU
		{977B4904-DE9F-42F1-828E-A0414EB5A9FD}.AppStore|ARM.Build.0 = Release|Any CPU
		{977B4904-DE9F-42F1-828E-A0414EB5A9FD}.AppStore|iPhone.ActiveCfg = Release|Any CPU
		{977B4904-DE9F-42F1-828E-A0414EB5A9FD}.AppStore|iPhone.Build.0 = Release|Any CPU
		{977B4904-DE9F-42F1-828E-A0414EB5A9FD}.AppStore|iPhoneSimulator.ActiveCfg = Release|Any CPU
		{977B4904-DE9F-42F1-828E-A0414EB5A9FD}.AppStore|iPhoneSimulator.Build.0 = Release|Any CPU
		{977B4904-DE9F-42F1-828E-A0414EB5A9FD}.AppStore|x64.ActiveCfg = Release|Any CPU
		{977B4904-DE9F-42F1-828E-A0414EB5A9FD}.AppStore|x64.Build.0 = Release|Any CPU
		{977B4904-DE9F-42F1-828E-A0414EB5A9FD}.AppStore|x86.ActiveCfg = Release|Any CPU
		{977B4904-DE9F-42F1-828E-A0414EB5A9FD}.AppStore|x86.Build.0 = Release|Any CPU
		{977B4904-DE9F-42F1-828E-A0414EB5A9FD}.Debug|Any CPU.ActiveCfg = Debug|Any CPU
		{977B4904-DE9F-42F1-828E-A0414EB5A9FD}.Debug|Any CPU.Build.0 = Debug|Any CPU
		{977B4904-DE9F-42F1-828E-A0414EB5A9FD}.Debug|ARM.ActiveCfg = Debug|Any CPU
		{977B4904-DE9F-42F1-828E-A0414EB5A9FD}.Debug|ARM.Build.0 = Debug|Any CPU
		{977B4904-DE9F-42F1-828E-A0414EB5A9FD}.Debug|iPhone.ActiveCfg = Debug|Any CPU
		{977B4904-DE9F-42F1-828E-A0414EB5A9FD}.Debug|iPhone.Build.0 = Debug|Any CPU
		{977B4904-DE9F-42F1-828E-A0414EB5A9FD}.Debug|iPhoneSimulator.ActiveCfg = Debug|Any CPU
		{977B4904-DE9F-42F1-828E-A0414EB5A9FD}.Debug|iPhoneSimulator.Build.0 = Debug|Any CPU
		{977B4904-DE9F-42F1-828E-A0414EB5A9FD}.Debug|x64.ActiveCfg = Debug|Any CPU
		{977B4904-DE9F-42F1-828E-A0414EB5A9FD}.Debug|x64.Build.0 = Debug|Any CPU
		{977B4904-DE9F-42F1-828E-A0414EB5A9FD}.Debug|x86.ActiveCfg = Debug|Any CPU
		{977B4904-DE9F-42F1-828E-A0414EB5A9FD}.Debug|x86.Build.0 = Debug|Any CPU
		{977B4904-DE9F-42F1-828E-A0414EB5A9FD}.Release|Any CPU.ActiveCfg = Release|Any CPU
		{977B4904-DE9F-42F1-828E-A0414EB5A9FD}.Release|Any CPU.Build.0 = Release|Any CPU
		{977B4904-DE9F-42F1-828E-A0414EB5A9FD}.Release|ARM.ActiveCfg = Release|Any CPU
		{977B4904-DE9F-42F1-828E-A0414EB5A9FD}.Release|ARM.Build.0 = Release|Any CPU
		{977B4904-DE9F-42F1-828E-A0414EB5A9FD}.Release|iPhone.ActiveCfg = Release|Any CPU
		{977B4904-DE9F-42F1-828E-A0414EB5A9FD}.Release|iPhone.Build.0 = Release|Any CPU
		{977B4904-DE9F-42F1-828E-A0414EB5A9FD}.Release|iPhoneSimulator.ActiveCfg = Release|Any CPU
		{977B4904-DE9F-42F1-828E-A0414EB5A9FD}.Release|iPhoneSimulator.Build.0 = Release|Any CPU
		{977B4904-DE9F-42F1-828E-A0414EB5A9FD}.Release|x64.ActiveCfg = Release|Any CPU
		{977B4904-DE9F-42F1-828E-A0414EB5A9FD}.Release|x64.Build.0 = Release|Any CPU
		{977B4904-DE9F-42F1-828E-A0414EB5A9FD}.Release|x86.ActiveCfg = Release|Any CPU
		{977B4904-DE9F-42F1-828E-A0414EB5A9FD}.Release|x86.Build.0 = Release|Any CPU
		{B62963FD-0C7B-40EF-8B51-8761B2602AA5}.Ad-Hoc|Any CPU.ActiveCfg = Release|Any CPU
		{B62963FD-0C7B-40EF-8B51-8761B2602AA5}.Ad-Hoc|Any CPU.Build.0 = Release|Any CPU
		{B62963FD-0C7B-40EF-8B51-8761B2602AA5}.Ad-Hoc|Any CPU.Deploy.0 = Release|Any CPU
		{B62963FD-0C7B-40EF-8B51-8761B2602AA5}.Ad-Hoc|ARM.ActiveCfg = Release|Any CPU
		{B62963FD-0C7B-40EF-8B51-8761B2602AA5}.Ad-Hoc|ARM.Build.0 = Release|Any CPU
		{B62963FD-0C7B-40EF-8B51-8761B2602AA5}.Ad-Hoc|ARM.Deploy.0 = Release|Any CPU
		{B62963FD-0C7B-40EF-8B51-8761B2602AA5}.Ad-Hoc|iPhone.ActiveCfg = Release|Any CPU
		{B62963FD-0C7B-40EF-8B51-8761B2602AA5}.Ad-Hoc|iPhone.Build.0 = Release|Any CPU
		{B62963FD-0C7B-40EF-8B51-8761B2602AA5}.Ad-Hoc|iPhone.Deploy.0 = Release|Any CPU
		{B62963FD-0C7B-40EF-8B51-8761B2602AA5}.Ad-Hoc|iPhoneSimulator.ActiveCfg = Release|Any CPU
		{B62963FD-0C7B-40EF-8B51-8761B2602AA5}.Ad-Hoc|iPhoneSimulator.Build.0 = Release|Any CPU
		{B62963FD-0C7B-40EF-8B51-8761B2602AA5}.Ad-Hoc|iPhoneSimulator.Deploy.0 = Release|Any CPU
		{B62963FD-0C7B-40EF-8B51-8761B2602AA5}.Ad-Hoc|x64.ActiveCfg = Release|Any CPU
		{B62963FD-0C7B-40EF-8B51-8761B2602AA5}.Ad-Hoc|x64.Build.0 = Release|Any CPU
		{B62963FD-0C7B-40EF-8B51-8761B2602AA5}.Ad-Hoc|x64.Deploy.0 = Release|Any CPU
		{B62963FD-0C7B-40EF-8B51-8761B2602AA5}.Ad-Hoc|x86.ActiveCfg = Release|Any CPU
		{B62963FD-0C7B-40EF-8B51-8761B2602AA5}.Ad-Hoc|x86.Build.0 = Release|Any CPU
		{B62963FD-0C7B-40EF-8B51-8761B2602AA5}.Ad-Hoc|x86.Deploy.0 = Release|Any CPU
		{B62963FD-0C7B-40EF-8B51-8761B2602AA5}.AppStore|Any CPU.ActiveCfg = Release|Any CPU
		{B62963FD-0C7B-40EF-8B51-8761B2602AA5}.AppStore|Any CPU.Build.0 = Release|Any CPU
		{B62963FD-0C7B-40EF-8B51-8761B2602AA5}.AppStore|Any CPU.Deploy.0 = Release|Any CPU
		{B62963FD-0C7B-40EF-8B51-8761B2602AA5}.AppStore|ARM.ActiveCfg = Release|Any CPU
		{B62963FD-0C7B-40EF-8B51-8761B2602AA5}.AppStore|ARM.Build.0 = Release|Any CPU
		{B62963FD-0C7B-40EF-8B51-8761B2602AA5}.AppStore|ARM.Deploy.0 = Release|Any CPU
		{B62963FD-0C7B-40EF-8B51-8761B2602AA5}.AppStore|iPhone.ActiveCfg = Release|Any CPU
		{B62963FD-0C7B-40EF-8B51-8761B2602AA5}.AppStore|iPhone.Build.0 = Release|Any CPU
		{B62963FD-0C7B-40EF-8B51-8761B2602AA5}.AppStore|iPhone.Deploy.0 = Release|Any CPU
		{B62963FD-0C7B-40EF-8B51-8761B2602AA5}.AppStore|iPhoneSimulator.ActiveCfg = Release|Any CPU
		{B62963FD-0C7B-40EF-8B51-8761B2602AA5}.AppStore|iPhoneSimulator.Build.0 = Release|Any CPU
		{B62963FD-0C7B-40EF-8B51-8761B2602AA5}.AppStore|iPhoneSimulator.Deploy.0 = Release|Any CPU
		{B62963FD-0C7B-40EF-8B51-8761B2602AA5}.AppStore|x64.ActiveCfg = Release|Any CPU
		{B62963FD-0C7B-40EF-8B51-8761B2602AA5}.AppStore|x64.Build.0 = Release|Any CPU
		{B62963FD-0C7B-40EF-8B51-8761B2602AA5}.AppStore|x64.Deploy.0 = Release|Any CPU
		{B62963FD-0C7B-40EF-8B51-8761B2602AA5}.AppStore|x86.ActiveCfg = Release|Any CPU
		{B62963FD-0C7B-40EF-8B51-8761B2602AA5}.AppStore|x86.Build.0 = Release|Any CPU
		{B62963FD-0C7B-40EF-8B51-8761B2602AA5}.AppStore|x86.Deploy.0 = Release|Any CPU
		{B62963FD-0C7B-40EF-8B51-8761B2602AA5}.Debug|Any CPU.ActiveCfg = Debug|Any CPU
		{B62963FD-0C7B-40EF-8B51-8761B2602AA5}.Debug|Any CPU.Build.0 = Debug|Any CPU
		{B62963FD-0C7B-40EF-8B51-8761B2602AA5}.Debug|Any CPU.Deploy.0 = Debug|Any CPU
		{B62963FD-0C7B-40EF-8B51-8761B2602AA5}.Debug|ARM.ActiveCfg = Debug|Any CPU
		{B62963FD-0C7B-40EF-8B51-8761B2602AA5}.Debug|ARM.Build.0 = Debug|Any CPU
		{B62963FD-0C7B-40EF-8B51-8761B2602AA5}.Debug|ARM.Deploy.0 = Debug|Any CPU
		{B62963FD-0C7B-40EF-8B51-8761B2602AA5}.Debug|iPhone.ActiveCfg = Debug|Any CPU
		{B62963FD-0C7B-40EF-8B51-8761B2602AA5}.Debug|iPhone.Build.0 = Debug|Any CPU
		{B62963FD-0C7B-40EF-8B51-8761B2602AA5}.Debug|iPhone.Deploy.0 = Debug|Any CPU
		{B62963FD-0C7B-40EF-8B51-8761B2602AA5}.Debug|iPhoneSimulator.ActiveCfg = Debug|Any CPU
		{B62963FD-0C7B-40EF-8B51-8761B2602AA5}.Debug|iPhoneSimulator.Build.0 = Debug|Any CPU
		{B62963FD-0C7B-40EF-8B51-8761B2602AA5}.Debug|iPhoneSimulator.Deploy.0 = Debug|Any CPU
		{B62963FD-0C7B-40EF-8B51-8761B2602AA5}.Debug|x64.ActiveCfg = Debug|Any CPU
		{B62963FD-0C7B-40EF-8B51-8761B2602AA5}.Debug|x64.Build.0 = Debug|Any CPU
		{B62963FD-0C7B-40EF-8B51-8761B2602AA5}.Debug|x64.Deploy.0 = Debug|Any CPU
		{B62963FD-0C7B-40EF-8B51-8761B2602AA5}.Debug|x86.ActiveCfg = Debug|Any CPU
		{B62963FD-0C7B-40EF-8B51-8761B2602AA5}.Debug|x86.Build.0 = Debug|Any CPU
		{B62963FD-0C7B-40EF-8B51-8761B2602AA5}.Debug|x86.Deploy.0 = Debug|Any CPU
		{B62963FD-0C7B-40EF-8B51-8761B2602AA5}.Release|Any CPU.ActiveCfg = Release|Any CPU
		{B62963FD-0C7B-40EF-8B51-8761B2602AA5}.Release|Any CPU.Build.0 = Release|Any CPU
		{B62963FD-0C7B-40EF-8B51-8761B2602AA5}.Release|Any CPU.Deploy.0 = Release|Any CPU
		{B62963FD-0C7B-40EF-8B51-8761B2602AA5}.Release|ARM.ActiveCfg = Release|Any CPU
		{B62963FD-0C7B-40EF-8B51-8761B2602AA5}.Release|ARM.Build.0 = Release|Any CPU
		{B62963FD-0C7B-40EF-8B51-8761B2602AA5}.Release|ARM.Deploy.0 = Release|Any CPU
		{B62963FD-0C7B-40EF-8B51-8761B2602AA5}.Release|iPhone.ActiveCfg = Release|Any CPU
		{B62963FD-0C7B-40EF-8B51-8761B2602AA5}.Release|iPhone.Build.0 = Release|Any CPU
		{B62963FD-0C7B-40EF-8B51-8761B2602AA5}.Release|iPhone.Deploy.0 = Release|Any CPU
		{B62963FD-0C7B-40EF-8B51-8761B2602AA5}.Release|iPhoneSimulator.ActiveCfg = Release|Any CPU
		{B62963FD-0C7B-40EF-8B51-8761B2602AA5}.Release|iPhoneSimulator.Build.0 = Release|Any CPU
		{B62963FD-0C7B-40EF-8B51-8761B2602AA5}.Release|iPhoneSimulator.Deploy.0 = Release|Any CPU
		{B62963FD-0C7B-40EF-8B51-8761B2602AA5}.Release|x64.ActiveCfg = Release|Any CPU
		{B62963FD-0C7B-40EF-8B51-8761B2602AA5}.Release|x64.Build.0 = Release|Any CPU
		{B62963FD-0C7B-40EF-8B51-8761B2602AA5}.Release|x64.Deploy.0 = Release|Any CPU
		{B62963FD-0C7B-40EF-8B51-8761B2602AA5}.Release|x86.ActiveCfg = Release|Any CPU
		{B62963FD-0C7B-40EF-8B51-8761B2602AA5}.Release|x86.Build.0 = Release|Any CPU
		{B62963FD-0C7B-40EF-8B51-8761B2602AA5}.Release|x86.Deploy.0 = Release|Any CPU
		{D7E92D6D-73A5-4E9F-99CE-6D6AA182402D}.Ad-Hoc|Any CPU.ActiveCfg = Ad-Hoc|iPhone
		{D7E92D6D-73A5-4E9F-99CE-6D6AA182402D}.Ad-Hoc|ARM.ActiveCfg = Ad-Hoc|iPhone
		{D7E92D6D-73A5-4E9F-99CE-6D6AA182402D}.Ad-Hoc|iPhone.ActiveCfg = Ad-Hoc|iPhone
		{D7E92D6D-73A5-4E9F-99CE-6D6AA182402D}.Ad-Hoc|iPhone.Build.0 = Ad-Hoc|iPhone
		{D7E92D6D-73A5-4E9F-99CE-6D6AA182402D}.Ad-Hoc|iPhoneSimulator.ActiveCfg = Ad-Hoc|iPhoneSimulator
		{D7E92D6D-73A5-4E9F-99CE-6D6AA182402D}.Ad-Hoc|iPhoneSimulator.Build.0 = Ad-Hoc|iPhoneSimulator
		{D7E92D6D-73A5-4E9F-99CE-6D6AA182402D}.Ad-Hoc|x64.ActiveCfg = Ad-Hoc|iPhone
		{D7E92D6D-73A5-4E9F-99CE-6D6AA182402D}.Ad-Hoc|x86.ActiveCfg = Ad-Hoc|iPhone
		{D7E92D6D-73A5-4E9F-99CE-6D6AA182402D}.AppStore|Any CPU.ActiveCfg = AppStore|iPhone
		{D7E92D6D-73A5-4E9F-99CE-6D6AA182402D}.AppStore|ARM.ActiveCfg = AppStore|iPhone
		{D7E92D6D-73A5-4E9F-99CE-6D6AA182402D}.AppStore|iPhone.ActiveCfg = AppStore|iPhone
		{D7E92D6D-73A5-4E9F-99CE-6D6AA182402D}.AppStore|iPhone.Build.0 = AppStore|iPhone
		{D7E92D6D-73A5-4E9F-99CE-6D6AA182402D}.AppStore|iPhoneSimulator.ActiveCfg = AppStore|iPhoneSimulator
		{D7E92D6D-73A5-4E9F-99CE-6D6AA182402D}.AppStore|iPhoneSimulator.Build.0 = AppStore|iPhoneSimulator
		{D7E92D6D-73A5-4E9F-99CE-6D6AA182402D}.AppStore|x64.ActiveCfg = AppStore|iPhone
		{D7E92D6D-73A5-4E9F-99CE-6D6AA182402D}.AppStore|x86.ActiveCfg = AppStore|iPhone
		{D7E92D6D-73A5-4E9F-99CE-6D6AA182402D}.Debug|Any CPU.ActiveCfg = Debug|iPhone
		{D7E92D6D-73A5-4E9F-99CE-6D6AA182402D}.Debug|ARM.ActiveCfg = Debug|iPhone
		{D7E92D6D-73A5-4E9F-99CE-6D6AA182402D}.Debug|iPhone.ActiveCfg = Debug|iPhone
		{D7E92D6D-73A5-4E9F-99CE-6D6AA182402D}.Debug|iPhone.Build.0 = Debug|iPhone
		{D7E92D6D-73A5-4E9F-99CE-6D6AA182402D}.Debug|iPhoneSimulator.ActiveCfg = Debug|iPhoneSimulator
		{D7E92D6D-73A5-4E9F-99CE-6D6AA182402D}.Debug|iPhoneSimulator.Build.0 = Debug|iPhoneSimulator
		{D7E92D6D-73A5-4E9F-99CE-6D6AA182402D}.Debug|x64.ActiveCfg = Debug|iPhone
		{D7E92D6D-73A5-4E9F-99CE-6D6AA182402D}.Debug|x86.ActiveCfg = Debug|iPhone
		{D7E92D6D-73A5-4E9F-99CE-6D6AA182402D}.Release|Any CPU.ActiveCfg = Release|iPhone
		{D7E92D6D-73A5-4E9F-99CE-6D6AA182402D}.Release|ARM.ActiveCfg = Release|iPhone
		{D7E92D6D-73A5-4E9F-99CE-6D6AA182402D}.Release|iPhone.ActiveCfg = Release|iPhone
		{D7E92D6D-73A5-4E9F-99CE-6D6AA182402D}.Release|iPhone.Build.0 = Release|iPhone
		{D7E92D6D-73A5-4E9F-99CE-6D6AA182402D}.Release|iPhoneSimulator.ActiveCfg = Release|iPhoneSimulator
		{D7E92D6D-73A5-4E9F-99CE-6D6AA182402D}.Release|iPhoneSimulator.Build.0 = Release|iPhoneSimulator
		{D7E92D6D-73A5-4E9F-99CE-6D6AA182402D}.Release|x64.ActiveCfg = Release|iPhone
		{D7E92D6D-73A5-4E9F-99CE-6D6AA182402D}.Release|x86.ActiveCfg = Release|iPhone
		{353C8633-74A9-4476-B921-21777B87022B}.Ad-Hoc|Any CPU.ActiveCfg = Release|Any CPU
		{353C8633-74A9-4476-B921-21777B87022B}.Ad-Hoc|Any CPU.Build.0 = Release|Any CPU
		{353C8633-74A9-4476-B921-21777B87022B}.Ad-Hoc|Any CPU.Deploy.0 = Release|Any CPU
		{353C8633-74A9-4476-B921-21777B87022B}.Ad-Hoc|ARM.ActiveCfg = Release|ARM
		{353C8633-74A9-4476-B921-21777B87022B}.Ad-Hoc|ARM.Build.0 = Release|ARM
		{353C8633-74A9-4476-B921-21777B87022B}.Ad-Hoc|ARM.Deploy.0 = Release|ARM
		{353C8633-74A9-4476-B921-21777B87022B}.Ad-Hoc|iPhone.ActiveCfg = Release|Any CPU
		{353C8633-74A9-4476-B921-21777B87022B}.Ad-Hoc|iPhone.Build.0 = Release|Any CPU
		{353C8633-74A9-4476-B921-21777B87022B}.Ad-Hoc|iPhone.Deploy.0 = Release|Any CPU
		{353C8633-74A9-4476-B921-21777B87022B}.Ad-Hoc|iPhoneSimulator.ActiveCfg = Release|Any CPU
		{353C8633-74A9-4476-B921-21777B87022B}.Ad-Hoc|iPhoneSimulator.Build.0 = Release|Any CPU
		{353C8633-74A9-4476-B921-21777B87022B}.Ad-Hoc|iPhoneSimulator.Deploy.0 = Release|Any CPU
		{353C8633-74A9-4476-B921-21777B87022B}.Ad-Hoc|x64.ActiveCfg = Release|Any CPU
		{353C8633-74A9-4476-B921-21777B87022B}.Ad-Hoc|x64.Build.0 = Release|Any CPU
		{353C8633-74A9-4476-B921-21777B87022B}.Ad-Hoc|x64.Deploy.0 = Release|Any CPU
		{353C8633-74A9-4476-B921-21777B87022B}.Ad-Hoc|x86.ActiveCfg = Release|x86
		{353C8633-74A9-4476-B921-21777B87022B}.Ad-Hoc|x86.Build.0 = Release|x86
		{353C8633-74A9-4476-B921-21777B87022B}.Ad-Hoc|x86.Deploy.0 = Release|x86
		{353C8633-74A9-4476-B921-21777B87022B}.AppStore|Any CPU.ActiveCfg = Release|Any CPU
		{353C8633-74A9-4476-B921-21777B87022B}.AppStore|Any CPU.Build.0 = Release|Any CPU
		{353C8633-74A9-4476-B921-21777B87022B}.AppStore|Any CPU.Deploy.0 = Release|Any CPU
		{353C8633-74A9-4476-B921-21777B87022B}.AppStore|ARM.ActiveCfg = Release|ARM
		{353C8633-74A9-4476-B921-21777B87022B}.AppStore|ARM.Build.0 = Release|ARM
		{353C8633-74A9-4476-B921-21777B87022B}.AppStore|ARM.Deploy.0 = Release|ARM
		{353C8633-74A9-4476-B921-21777B87022B}.AppStore|iPhone.ActiveCfg = Release|Any CPU
		{353C8633-74A9-4476-B921-21777B87022B}.AppStore|iPhone.Build.0 = Release|Any CPU
		{353C8633-74A9-4476-B921-21777B87022B}.AppStore|iPhone.Deploy.0 = Release|Any CPU
		{353C8633-74A9-4476-B921-21777B87022B}.AppStore|iPhoneSimulator.ActiveCfg = Release|Any CPU
		{353C8633-74A9-4476-B921-21777B87022B}.AppStore|iPhoneSimulator.Build.0 = Release|Any CPU
		{353C8633-74A9-4476-B921-21777B87022B}.AppStore|iPhoneSimulator.Deploy.0 = Release|Any CPU
		{353C8633-74A9-4476-B921-21777B87022B}.AppStore|x64.ActiveCfg = Release|Any CPU
		{353C8633-74A9-4476-B921-21777B87022B}.AppStore|x64.Build.0 = Release|Any CPU
		{353C8633-74A9-4476-B921-21777B87022B}.AppStore|x64.Deploy.0 = Release|Any CPU
		{353C8633-74A9-4476-B921-21777B87022B}.AppStore|x86.ActiveCfg = Release|x86
		{353C8633-74A9-4476-B921-21777B87022B}.AppStore|x86.Build.0 = Release|x86
		{353C8633-74A9-4476-B921-21777B87022B}.AppStore|x86.Deploy.0 = Release|x86
		{353C8633-74A9-4476-B921-21777B87022B}.Debug|Any CPU.ActiveCfg = Debug|Any CPU
		{353C8633-74A9-4476-B921-21777B87022B}.Debug|Any CPU.Build.0 = Debug|Any CPU
		{353C8633-74A9-4476-B921-21777B87022B}.Debug|Any CPU.Deploy.0 = Debug|Any CPU
		{353C8633-74A9-4476-B921-21777B87022B}.Debug|ARM.ActiveCfg = Debug|ARM
		{353C8633-74A9-4476-B921-21777B87022B}.Debug|ARM.Build.0 = Debug|ARM
		{353C8633-74A9-4476-B921-21777B87022B}.Debug|ARM.Deploy.0 = Debug|ARM
		{353C8633-74A9-4476-B921-21777B87022B}.Debug|iPhone.ActiveCfg = Debug|Any CPU
		{353C8633-74A9-4476-B921-21777B87022B}.Debug|iPhone.Build.0 = Debug|Any CPU
		{353C8633-74A9-4476-B921-21777B87022B}.Debug|iPhone.Deploy.0 = Debug|Any CPU
		{353C8633-74A9-4476-B921-21777B87022B}.Debug|iPhoneSimulator.ActiveCfg = Debug|Any CPU
		{353C8633-74A9-4476-B921-21777B87022B}.Debug|iPhoneSimulator.Build.0 = Debug|Any CPU
		{353C8633-74A9-4476-B921-21777B87022B}.Debug|iPhoneSimulator.Deploy.0 = Debug|Any CPU
		{353C8633-74A9-4476-B921-21777B87022B}.Debug|x64.ActiveCfg = Debug|Any CPU
		{353C8633-74A9-4476-B921-21777B87022B}.Debug|x64.Build.0 = Debug|Any CPU
		{353C8633-74A9-4476-B921-21777B87022B}.Debug|x64.Deploy.0 = Debug|Any CPU
		{353C8633-74A9-4476-B921-21777B87022B}.Debug|x86.ActiveCfg = Debug|x86
		{353C8633-74A9-4476-B921-21777B87022B}.Debug|x86.Build.0 = Debug|x86
		{353C8633-74A9-4476-B921-21777B87022B}.Debug|x86.Deploy.0 = Debug|x86
		{353C8633-74A9-4476-B921-21777B87022B}.Release|Any CPU.ActiveCfg = Release|Any CPU
		{353C8633-74A9-4476-B921-21777B87022B}.Release|Any CPU.Build.0 = Release|Any CPU
		{353C8633-74A9-4476-B921-21777B87022B}.Release|Any CPU.Deploy.0 = Release|Any CPU
		{353C8633-74A9-4476-B921-21777B87022B}.Release|ARM.ActiveCfg = Release|ARM
		{353C8633-74A9-4476-B921-21777B87022B}.Release|ARM.Build.0 = Release|ARM
		{353C8633-74A9-4476-B921-21777B87022B}.Release|ARM.Deploy.0 = Release|ARM
		{353C8633-74A9-4476-B921-21777B87022B}.Release|iPhone.ActiveCfg = Release|Any CPU
		{353C8633-74A9-4476-B921-21777B87022B}.Release|iPhone.Build.0 = Release|Any CPU
		{353C8633-74A9-4476-B921-21777B87022B}.Release|iPhone.Deploy.0 = Release|Any CPU
		{353C8633-74A9-4476-B921-21777B87022B}.Release|iPhoneSimulator.ActiveCfg = Release|Any CPU
		{353C8633-74A9-4476-B921-21777B87022B}.Release|iPhoneSimulator.Build.0 = Release|Any CPU
		{353C8633-74A9-4476-B921-21777B87022B}.Release|iPhoneSimulator.Deploy.0 = Release|Any CPU
		{353C8633-74A9-4476-B921-21777B87022B}.Release|x64.ActiveCfg = Release|Any CPU
		{353C8633-74A9-4476-B921-21777B87022B}.Release|x64.Build.0 = Release|Any CPU
		{353C8633-74A9-4476-B921-21777B87022B}.Release|x64.Deploy.0 = Release|Any CPU
		{353C8633-74A9-4476-B921-21777B87022B}.Release|x86.ActiveCfg = Release|x86
		{353C8633-74A9-4476-B921-21777B87022B}.Release|x86.Build.0 = Release|x86
		{353C8633-74A9-4476-B921-21777B87022B}.Release|x86.Deploy.0 = Release|x86
		{AEC1757F-E511-46BA-9AE5-885F405F48EB}.Ad-Hoc|Any CPU.ActiveCfg = Release|Any CPU
		{AEC1757F-E511-46BA-9AE5-885F405F48EB}.Ad-Hoc|Any CPU.Build.0 = Release|Any CPU
		{AEC1757F-E511-46BA-9AE5-885F405F48EB}.Ad-Hoc|Any CPU.Deploy.0 = Release|Any CPU
		{AEC1757F-E511-46BA-9AE5-885F405F48EB}.Ad-Hoc|ARM.ActiveCfg = Release|ARM
		{AEC1757F-E511-46BA-9AE5-885F405F48EB}.Ad-Hoc|ARM.Build.0 = Release|ARM
		{AEC1757F-E511-46BA-9AE5-885F405F48EB}.Ad-Hoc|ARM.Deploy.0 = Release|ARM
		{AEC1757F-E511-46BA-9AE5-885F405F48EB}.Ad-Hoc|iPhone.ActiveCfg = Release|Any CPU
		{AEC1757F-E511-46BA-9AE5-885F405F48EB}.Ad-Hoc|iPhone.Build.0 = Release|Any CPU
		{AEC1757F-E511-46BA-9AE5-885F405F48EB}.Ad-Hoc|iPhone.Deploy.0 = Release|Any CPU
		{AEC1757F-E511-46BA-9AE5-885F405F48EB}.Ad-Hoc|iPhoneSimulator.ActiveCfg = Release|Any CPU
		{AEC1757F-E511-46BA-9AE5-885F405F48EB}.Ad-Hoc|iPhoneSimulator.Build.0 = Release|Any CPU
		{AEC1757F-E511-46BA-9AE5-885F405F48EB}.Ad-Hoc|iPhoneSimulator.Deploy.0 = Release|Any CPU
		{AEC1757F-E511-46BA-9AE5-885F405F48EB}.Ad-Hoc|x64.ActiveCfg = Release|x64
		{AEC1757F-E511-46BA-9AE5-885F405F48EB}.Ad-Hoc|x64.Build.0 = Release|x64
		{AEC1757F-E511-46BA-9AE5-885F405F48EB}.Ad-Hoc|x64.Deploy.0 = Release|x64
		{AEC1757F-E511-46BA-9AE5-885F405F48EB}.Ad-Hoc|x86.ActiveCfg = Release|x86
		{AEC1757F-E511-46BA-9AE5-885F405F48EB}.Ad-Hoc|x86.Build.0 = Release|x86
		{AEC1757F-E511-46BA-9AE5-885F405F48EB}.Ad-Hoc|x86.Deploy.0 = Release|x86
		{AEC1757F-E511-46BA-9AE5-885F405F48EB}.AppStore|Any CPU.ActiveCfg = Release|Any CPU
		{AEC1757F-E511-46BA-9AE5-885F405F48EB}.AppStore|Any CPU.Build.0 = Release|Any CPU
		{AEC1757F-E511-46BA-9AE5-885F405F48EB}.AppStore|Any CPU.Deploy.0 = Release|Any CPU
		{AEC1757F-E511-46BA-9AE5-885F405F48EB}.AppStore|ARM.ActiveCfg = Release|ARM
		{AEC1757F-E511-46BA-9AE5-885F405F48EB}.AppStore|ARM.Build.0 = Release|ARM
		{AEC1757F-E511-46BA-9AE5-885F405F48EB}.AppStore|ARM.Deploy.0 = Release|ARM
		{AEC1757F-E511-46BA-9AE5-885F405F48EB}.AppStore|iPhone.ActiveCfg = Release|Any CPU
		{AEC1757F-E511-46BA-9AE5-885F405F48EB}.AppStore|iPhone.Build.0 = Release|Any CPU
		{AEC1757F-E511-46BA-9AE5-885F405F48EB}.AppStore|iPhone.Deploy.0 = Release|Any CPU
		{AEC1757F-E511-46BA-9AE5-885F405F48EB}.AppStore|iPhoneSimulator.ActiveCfg = Release|Any CPU
		{AEC1757F-E511-46BA-9AE5-885F405F48EB}.AppStore|iPhoneSimulator.Build.0 = Release|Any CPU
		{AEC1757F-E511-46BA-9AE5-885F405F48EB}.AppStore|iPhoneSimulator.Deploy.0 = Release|Any CPU
		{AEC1757F-E511-46BA-9AE5-885F405F48EB}.AppStore|x64.ActiveCfg = Release|x64
		{AEC1757F-E511-46BA-9AE5-885F405F48EB}.AppStore|x64.Build.0 = Release|x64
		{AEC1757F-E511-46BA-9AE5-885F405F48EB}.AppStore|x64.Deploy.0 = Release|x64
		{AEC1757F-E511-46BA-9AE5-885F405F48EB}.AppStore|x86.ActiveCfg = Release|x86
		{AEC1757F-E511-46BA-9AE5-885F405F48EB}.AppStore|x86.Build.0 = Release|x86
		{AEC1757F-E511-46BA-9AE5-885F405F48EB}.AppStore|x86.Deploy.0 = Release|x86
		{AEC1757F-E511-46BA-9AE5-885F405F48EB}.Debug|Any CPU.ActiveCfg = Debug|Any CPU
		{AEC1757F-E511-46BA-9AE5-885F405F48EB}.Debug|Any CPU.Build.0 = Debug|Any CPU
		{AEC1757F-E511-46BA-9AE5-885F405F48EB}.Debug|Any CPU.Deploy.0 = Debug|Any CPU
		{AEC1757F-E511-46BA-9AE5-885F405F48EB}.Debug|ARM.ActiveCfg = Debug|ARM
		{AEC1757F-E511-46BA-9AE5-885F405F48EB}.Debug|ARM.Build.0 = Debug|ARM
		{AEC1757F-E511-46BA-9AE5-885F405F48EB}.Debug|ARM.Deploy.0 = Debug|ARM
		{AEC1757F-E511-46BA-9AE5-885F405F48EB}.Debug|iPhone.ActiveCfg = Debug|Any CPU
		{AEC1757F-E511-46BA-9AE5-885F405F48EB}.Debug|iPhone.Build.0 = Debug|Any CPU
		{AEC1757F-E511-46BA-9AE5-885F405F48EB}.Debug|iPhone.Deploy.0 = Debug|Any CPU
		{AEC1757F-E511-46BA-9AE5-885F405F48EB}.Debug|iPhoneSimulator.ActiveCfg = Debug|Any CPU
		{AEC1757F-E511-46BA-9AE5-885F405F48EB}.Debug|iPhoneSimulator.Build.0 = Debug|Any CPU
		{AEC1757F-E511-46BA-9AE5-885F405F48EB}.Debug|iPhoneSimulator.Deploy.0 = Debug|Any CPU
		{AEC1757F-E511-46BA-9AE5-885F405F48EB}.Debug|x64.ActiveCfg = Debug|x64
		{AEC1757F-E511-46BA-9AE5-885F405F48EB}.Debug|x64.Build.0 = Debug|x64
		{AEC1757F-E511-46BA-9AE5-885F405F48EB}.Debug|x64.Deploy.0 = Debug|x64
		{AEC1757F-E511-46BA-9AE5-885F405F48EB}.Debug|x86.ActiveCfg = Debug|x86
		{AEC1757F-E511-46BA-9AE5-885F405F48EB}.Debug|x86.Build.0 = Debug|x86
		{AEC1757F-E511-46BA-9AE5-885F405F48EB}.Debug|x86.Deploy.0 = Debug|x86
		{AEC1757F-E511-46BA-9AE5-885F405F48EB}.Release|Any CPU.ActiveCfg = Release|Any CPU
		{AEC1757F-E511-46BA-9AE5-885F405F48EB}.Release|Any CPU.Build.0 = Release|Any CPU
		{AEC1757F-E511-46BA-9AE5-885F405F48EB}.Release|Any CPU.Deploy.0 = Release|Any CPU
		{AEC1757F-E511-46BA-9AE5-885F405F48EB}.Release|ARM.ActiveCfg = Release|ARM
		{AEC1757F-E511-46BA-9AE5-885F405F48EB}.Release|ARM.Build.0 = Release|ARM
		{AEC1757F-E511-46BA-9AE5-885F405F48EB}.Release|ARM.Deploy.0 = Release|ARM
		{AEC1757F-E511-46BA-9AE5-885F405F48EB}.Release|iPhone.ActiveCfg = Release|Any CPU
		{AEC1757F-E511-46BA-9AE5-885F405F48EB}.Release|iPhone.Build.0 = Release|Any CPU
		{AEC1757F-E511-46BA-9AE5-885F405F48EB}.Release|iPhone.Deploy.0 = Release|Any CPU
		{AEC1757F-E511-46BA-9AE5-885F405F48EB}.Release|iPhoneSimulator.ActiveCfg = Release|Any CPU
		{AEC1757F-E511-46BA-9AE5-885F405F48EB}.Release|iPhoneSimulator.Build.0 = Release|Any CPU
		{AEC1757F-E511-46BA-9AE5-885F405F48EB}.Release|iPhoneSimulator.Deploy.0 = Release|Any CPU
		{AEC1757F-E511-46BA-9AE5-885F405F48EB}.Release|x64.ActiveCfg = Release|x64
		{AEC1757F-E511-46BA-9AE5-885F405F48EB}.Release|x64.Build.0 = Release|x64
		{AEC1757F-E511-46BA-9AE5-885F405F48EB}.Release|x64.Deploy.0 = Release|x64
		{AEC1757F-E511-46BA-9AE5-885F405F48EB}.Release|x86.ActiveCfg = Release|x86
		{AEC1757F-E511-46BA-9AE5-885F405F48EB}.Release|x86.Build.0 = Release|x86
		{AEC1757F-E511-46BA-9AE5-885F405F48EB}.Release|x86.Deploy.0 = Release|x86
	EndGlobalSection
	GlobalSection(SolutionProperties) = preSolution
		HideSolutionNode = FALSE
	EndGlobalSection
EndGlobal
